// !$*UTF8*$!
{
	archiveVersion = 1;
	classes = {
	};
	objectVersion = 56;
	objects = {

/* Begin PBXBuildFile section */
		D30CADA72B54019500D312E8 /* AirbnbApp.swift in Sources */ = {isa = PBXBuildFile; fileRef = D30CADA62B54019500D312E8 /* AirbnbApp.swift */; };
		D30CADA92B54019500D312E8 /* ContentView.swift in Sources */ = {isa = PBXBuildFile; fileRef = D30CADA82B54019500D312E8 /* ContentView.swift */; };
		D30CADAB2B54019600D312E8 /* Assets.xcassets in Resources */ = {isa = PBXBuildFile; fileRef = D30CADAA2B54019600D312E8 /* Assets.xcassets */; };
		D30CADAE2B54019600D312E8 /* Preview Assets.xcassets in Resources */ = {isa = PBXBuildFile; fileRef = D30CADAD2B54019600D312E8 /* Preview Assets.xcassets */; };
		D30CADB02B54019600D312E8 /* Persistence.swift in Sources */ = {isa = PBXBuildFile; fileRef = D30CADAF2B54019600D312E8 /* Persistence.swift */; };
		D30CADB32B54019600D312E8 /* Airbnb.xcdatamodeld in Sources */ = {isa = PBXBuildFile; fileRef = D30CADB12B54019600D312E8 /* Airbnb.xcdatamodeld */; };
		D30CADBD2B54019600D312E8 /* AirbnbTests.swift in Sources */ = {isa = PBXBuildFile; fileRef = D30CADBC2B54019600D312E8 /* AirbnbTests.swift */; };
		D30CADC72B54019600D312E8 /* AirbnbUITests.swift in Sources */ = {isa = PBXBuildFile; fileRef = D30CADC62B54019600D312E8 /* AirbnbUITests.swift */; };
		D30CADC92B54019600D312E8 /* AirbnbUITestsLaunchTests.swift in Sources */ = {isa = PBXBuildFile; fileRef = D30CADC82B54019600D312E8 /* AirbnbUITestsLaunchTests.swift */; };
		D30CADDA2B5402C900D312E8 /* AirbnbListingView.swift in Sources */ = {isa = PBXBuildFile; fileRef = D30CADD92B5402C800D312E8 /* AirbnbListingView.swift */; };
		D30CADDC2B5402D700D312E8 /* AirbnbDetailsView.swift in Sources */ = {isa = PBXBuildFile; fileRef = D30CADDB2B5402D700D312E8 /* AirbnbDetailsView.swift */; };
		D30CADDE2B5402F300D312E8 /* AirbnbListingCardView.swift in Sources */ = {isa = PBXBuildFile; fileRef = D30CADDD2B5402F300D312E8 /* AirbnbListingCardView.swift */; };
		D30CADE02B54031900D312E8 /* AirbnbListingResponse.swift in Sources */ = {isa = PBXBuildFile; fileRef = D30CADDF2B54031900D312E8 /* AirbnbListingResponse.swift */; };
		D30CADE22B54032800D312E8 /* AirbnbListing.swift in Sources */ = {isa = PBXBuildFile; fileRef = D30CADE12B54032800D312E8 /* AirbnbListing.swift */; };
		D30CADE42B54033A00D312E8 /* ApiServices.swift in Sources */ = {isa = PBXBuildFile; fileRef = D30CADE32B54033A00D312E8 /* ApiServices.swift */; };
		D30CADE62B540DBA00D312E8 /* AirbnbListingViewViewModel.swift in Sources */ = {isa = PBXBuildFile; fileRef = D30CADE52B540DBA00D312E8 /* AirbnbListingViewViewModel.swift */; };
/* End PBXBuildFile section */

/* Begin PBXContainerItemProxy section */
		D30CADB92B54019600D312E8 /* PBXContainerItemProxy */ = {
			isa = PBXContainerItemProxy;
			containerPortal = D30CAD9B2B54019500D312E8 /* Project object */;
			proxyType = 1;
			remoteGlobalIDString = D30CADA22B54019500D312E8;
			remoteInfo = Airbnb;
		};
		D30CADC32B54019600D312E8 /* PBXContainerItemProxy */ = {
			isa = PBXContainerItemProxy;
			containerPortal = D30CAD9B2B54019500D312E8 /* Project object */;
			proxyType = 1;
			remoteGlobalIDString = D30CADA22B54019500D312E8;
			remoteInfo = Airbnb;
		};
/* End PBXContainerItemProxy section */

/* Begin PBXFileReference section */
		D30CADA32B54019500D312E8 /* Airbnb.app */ = {isa = PBXFileReference; explicitFileType = wrapper.application; includeInIndex = 0; path = Airbnb.app; sourceTree = BUILT_PRODUCTS_DIR; };
		D30CADA62B54019500D312E8 /* AirbnbApp.swift */ = {isa = PBXFileReference; lastKnownFileType = sourcecode.swift; path = AirbnbApp.swift; sourceTree = "<group>"; };
		D30CADA82B54019500D312E8 /* ContentView.swift */ = {isa = PBXFileReference; lastKnownFileType = sourcecode.swift; path = ContentView.swift; sourceTree = "<group>"; };
		D30CADAA2B54019600D312E8 /* Assets.xcassets */ = {isa = PBXFileReference; lastKnownFileType = folder.assetcatalog; path = Assets.xcassets; sourceTree = "<group>"; };
		D30CADAD2B54019600D312E8 /* Preview Assets.xcassets */ = {isa = PBXFileReference; lastKnownFileType = folder.assetcatalog; path = "Preview Assets.xcassets"; sourceTree = "<group>"; };
		D30CADAF2B54019600D312E8 /* Persistence.swift */ = {isa = PBXFileReference; lastKnownFileType = sourcecode.swift; path = Persistence.swift; sourceTree = "<group>"; };
		D30CADB22B54019600D312E8 /* Airbnb.xcdatamodel */ = {isa = PBXFileReference; lastKnownFileType = wrapper.xcdatamodel; path = Airbnb.xcdatamodel; sourceTree = "<group>"; };
		D30CADB82B54019600D312E8 /* AirbnbTests.xctest */ = {isa = PBXFileReference; explicitFileType = wrapper.cfbundle; includeInIndex = 0; path = AirbnbTests.xctest; sourceTree = BUILT_PRODUCTS_DIR; };
		D30CADBC2B54019600D312E8 /* AirbnbTests.swift */ = {isa = PBXFileReference; lastKnownFileType = sourcecode.swift; path = AirbnbTests.swift; sourceTree = "<group>"; };
		D30CADC22B54019600D312E8 /* AirbnbUITests.xctest */ = {isa = PBXFileReference; explicitFileType = wrapper.cfbundle; includeInIndex = 0; path = AirbnbUITests.xctest; sourceTree = BUILT_PRODUCTS_DIR; };
		D30CADC62B54019600D312E8 /* AirbnbUITests.swift */ = {isa = PBXFileReference; lastKnownFileType = sourcecode.swift; path = AirbnbUITests.swift; sourceTree = "<group>"; };
		D30CADC82B54019600D312E8 /* AirbnbUITestsLaunchTests.swift */ = {isa = PBXFileReference; lastKnownFileType = sourcecode.swift; path = AirbnbUITestsLaunchTests.swift; sourceTree = "<group>"; };
		D30CADD92B5402C800D312E8 /* AirbnbListingView.swift */ = {isa = PBXFileReference; lastKnownFileType = sourcecode.swift; path = AirbnbListingView.swift; sourceTree = "<group>"; };
		D30CADDB2B5402D700D312E8 /* AirbnbDetailsView.swift */ = {isa = PBXFileReference; lastKnownFileType = sourcecode.swift; path = AirbnbDetailsView.swift; sourceTree = "<group>"; };
		D30CADDD2B5402F300D312E8 /* AirbnbListingCardView.swift */ = {isa = PBXFileReference; lastKnownFileType = sourcecode.swift; path = AirbnbListingCardView.swift; sourceTree = "<group>"; };
		D30CADDF2B54031900D312E8 /* AirbnbListingResponse.swift */ = {isa = PBXFileReference; lastKnownFileType = sourcecode.swift; path = AirbnbListingResponse.swift; sourceTree = "<group>"; };
		D30CADE12B54032800D312E8 /* AirbnbListing.swift */ = {isa = PBXFileReference; lastKnownFileType = sourcecode.swift; path = AirbnbListing.swift; sourceTree = "<group>"; };
		D30CADE32B54033A00D312E8 /* ApiServices.swift */ = {isa = PBXFileReference; lastKnownFileType = sourcecode.swift; path = ApiServices.swift; sourceTree = "<group>"; };
		D30CADE52B540DBA00D312E8 /* AirbnbListingViewViewModel.swift */ = {isa = PBXFileReference; lastKnownFileType = sourcecode.swift; path = AirbnbListingViewViewModel.swift; sourceTree = "<group>"; };
/* End PBXFileReference section */

/* Begin PBXFrameworksBuildPhase section */
		D30CADA02B54019500D312E8 /* Frameworks */ = {
			isa = PBXFrameworksBuildPhase;
			buildActionMask = 2147483647;
			files = (
			);
			runOnlyForDeploymentPostprocessing = 0;
		};
		D30CADB52B54019600D312E8 /* Frameworks */ = {
			isa = PBXFrameworksBuildPhase;
			buildActionMask = 2147483647;
			files = (
			);
			runOnlyForDeploymentPostprocessing = 0;
		};
		D30CADBF2B54019600D312E8 /* Frameworks */ = {
			isa = PBXFrameworksBuildPhase;
			buildActionMask = 2147483647;
			files = (
			);
			runOnlyForDeploymentPostprocessing = 0;
		};
/* End PBXFrameworksBuildPhase section */

/* Begin PBXGroup section */
		D30CAD9A2B54019500D312E8 = {
			isa = PBXGroup;
			children = (
				D30CADA52B54019500D312E8 /* Airbnb */,
				D30CADBB2B54019600D312E8 /* AirbnbTests */,
				D30CADC52B54019600D312E8 /* AirbnbUITests */,
				D30CADA42B54019500D312E8 /* Products */,
			);
			sourceTree = "<group>";
		};
		D30CADA42B54019500D312E8 /* Products */ = {
			isa = PBXGroup;
			children = (
				D30CADA32B54019500D312E8 /* Airbnb.app */,
				D30CADB82B54019600D312E8 /* AirbnbTests.xctest */,
				D30CADC22B54019600D312E8 /* AirbnbUITests.xctest */,
			);
			name = Products;
			sourceTree = "<group>";
		};
		D30CADA52B54019500D312E8 /* Airbnb */ = {
			isa = PBXGroup;
			children = (
				D30CADD82B54029300D312E8 /* Services */,
				D30CADD72B54028B00D312E8 /* viewModel */,
				D30CADD62B54028500D312E8 /* model */,
				D30CADD52B54028000D312E8 /* view */,
				D30CADA62B54019500D312E8 /* AirbnbApp.swift */,
				D30CADAA2B54019600D312E8 /* Assets.xcassets */,
				D30CADAF2B54019600D312E8 /* Persistence.swift */,
				D30CADB12B54019600D312E8 /* Airbnb.xcdatamodeld */,
				D30CADAC2B54019600D312E8 /* Preview Content */,
			);
			path = Airbnb;
			sourceTree = "<group>";
		};
		D30CADAC2B54019600D312E8 /* Preview Content */ = {
			isa = PBXGroup;
			children = (
				D30CADAD2B54019600D312E8 /* Preview Assets.xcassets */,
			);
			path = "Preview Content";
			sourceTree = "<group>";
		};
		D30CADBB2B54019600D312E8 /* AirbnbTests */ = {
			isa = PBXGroup;
			children = (
				D30CADBC2B54019600D312E8 /* AirbnbTests.swift */,
			);
			path = AirbnbTests;
			sourceTree = "<group>";
		};
		D30CADC52B54019600D312E8 /* AirbnbUITests */ = {
			isa = PBXGroup;
			children = (
				D30CADC62B54019600D312E8 /* AirbnbUITests.swift */,
				D30CADC82B54019600D312E8 /* AirbnbUITestsLaunchTests.swift */,
			);
			path = AirbnbUITests;
			sourceTree = "<group>";
		};
		D30CADD52B54028000D312E8 /* view */ = {
			isa = PBXGroup;
			children = (
				D30CADA82B54019500D312E8 /* ContentView.swift */,
				D30CADD92B5402C800D312E8 /* AirbnbListingView.swift */,
				D30CADDB2B5402D700D312E8 /* AirbnbDetailsView.swift */,
				D30CADDD2B5402F300D312E8 /* AirbnbListingCardView.swift */,
			);
			path = view;
			sourceTree = "<group>";
		};
		D30CADD62B54028500D312E8 /* model */ = {
			isa = PBXGroup;
			children = (
				D30CADDF2B54031900D312E8 /* AirbnbListingResponse.swift */,
				D30CADE12B54032800D312E8 /* AirbnbListing.swift */,
			);
			path = model;
			sourceTree = "<group>";
		};
		D30CADD72B54028B00D312E8 /* viewModel */ = {
			isa = PBXGroup;
			children = (
				D30CADE52B540DBA00D312E8 /* AirbnbListingViewViewModel.swift */,
			);
			path = viewModel;
			sourceTree = "<group>";
		};
		D30CADD82B54029300D312E8 /* Services */ = {
			isa = PBXGroup;
			children = (
				D30CADE32B54033A00D312E8 /* ApiServices.swift */,
			);
			path = Services;
			sourceTree = "<group>";
		};
/* End PBXGroup section */

/* Begin PBXNativeTarget section */
		D30CADA22B54019500D312E8 /* Airbnb */ = {
			isa = PBXNativeTarget;
			buildConfigurationList = D30CADCC2B54019600D312E8 /* Build configuration list for PBXNativeTarget "Airbnb" */;
			buildPhases = (
				D30CAD9F2B54019500D312E8 /* Sources */,
				D30CADA02B54019500D312E8 /* Frameworks */,
				D30CADA12B54019500D312E8 /* Resources */,
			);
			buildRules = (
			);
			dependencies = (
			);
			name = Airbnb;
			productName = Airbnb;
			productReference = D30CADA32B54019500D312E8 /* Airbnb.app */;
			productType = "com.apple.product-type.application";
		};
		D30CADB72B54019600D312E8 /* AirbnbTests */ = {
			isa = PBXNativeTarget;
			buildConfigurationList = D30CADCF2B54019600D312E8 /* Build configuration list for PBXNativeTarget "AirbnbTests" */;
			buildPhases = (
				D30CADB42B54019600D312E8 /* Sources */,
				D30CADB52B54019600D312E8 /* Frameworks */,
				D30CADB62B54019600D312E8 /* Resources */,
			);
			buildRules = (
			);
			dependencies = (
				D30CADBA2B54019600D312E8 /* PBXTargetDependency */,
			);
			name = AirbnbTests;
			productName = AirbnbTests;
			productReference = D30CADB82B54019600D312E8 /* AirbnbTests.xctest */;
			productType = "com.apple.product-type.bundle.unit-test";
		};
		D30CADC12B54019600D312E8 /* AirbnbUITests */ = {
			isa = PBXNativeTarget;
			buildConfigurationList = D30CADD22B54019600D312E8 /* Build configuration list for PBXNativeTarget "AirbnbUITests" */;
			buildPhases = (
				D30CADBE2B54019600D312E8 /* Sources */,
				D30CADBF2B54019600D312E8 /* Frameworks */,
				D30CADC02B54019600D312E8 /* Resources */,
			);
			buildRules = (
			);
			dependencies = (
				D30CADC42B54019600D312E8 /* PBXTargetDependency */,
			);
			name = AirbnbUITests;
			productName = AirbnbUITests;
			productReference = D30CADC22B54019600D312E8 /* AirbnbUITests.xctest */;
			productType = "com.apple.product-type.bundle.ui-testing";
		};
/* End PBXNativeTarget section */

/* Begin PBXProject section */
		D30CAD9B2B54019500D312E8 /* Project object */ = {
			isa = PBXProject;
			attributes = {
				BuildIndependentTargetsInParallel = 1;
				LastSwiftUpdateCheck = 1520;
				LastUpgradeCheck = 1520;
				TargetAttributes = {
					D30CADA22B54019500D312E8 = {
						CreatedOnToolsVersion = 15.2;
					};
					D30CADB72B54019600D312E8 = {
						CreatedOnToolsVersion = 15.2;
						TestTargetID = D30CADA22B54019500D312E8;
					};
					D30CADC12B54019600D312E8 = {
						CreatedOnToolsVersion = 15.2;
						TestTargetID = D30CADA22B54019500D312E8;
					};
				};
			};
			buildConfigurationList = D30CAD9E2B54019500D312E8 /* Build configuration list for PBXProject "Airbnb" */;
			compatibilityVersion = "Xcode 14.0";
			developmentRegion = en;
			hasScannedForEncodings = 0;
			knownRegions = (
				en,
				Base,
			);
			mainGroup = D30CAD9A2B54019500D312E8;
			productRefGroup = D30CADA42B54019500D312E8 /* Products */;
			projectDirPath = "";
			projectRoot = "";
			targets = (
				D30CADA22B54019500D312E8 /* Airbnb */,
				D30CADB72B54019600D312E8 /* AirbnbTests */,
				D30CADC12B54019600D312E8 /* AirbnbUITests */,
			);
		};
/* End PBXProject section */

/* Begin PBXResourcesBuildPhase section */
		D30CADA12B54019500D312E8 /* Resources */ = {
			isa = PBXResourcesBuildPhase;
			buildActionMask = 2147483647;
			files = (
				D30CADAE2B54019600D312E8 /* Preview Assets.xcassets in Resources */,
				D30CADAB2B54019600D312E8 /* Assets.xcassets in Resources */,
			);
			runOnlyForDeploymentPostprocessing = 0;
		};
		D30CADB62B54019600D312E8 /* Resources */ = {
			isa = PBXResourcesBuildPhase;
			buildActionMask = 2147483647;
			files = (
			);
			runOnlyForDeploymentPostprocessing = 0;
		};
		D30CADC02B54019600D312E8 /* Resources */ = {
			isa = PBXResourcesBuildPhase;
			buildActionMask = 2147483647;
			files = (
			);
			runOnlyForDeploymentPostprocessing = 0;
		};
/* End PBXResourcesBuildPhase section */

/* Begin PBXSourcesBuildPhase section */
		D30CAD9F2B54019500D312E8 /* Sources */ = {
			isa = PBXSourcesBuildPhase;
			buildActionMask = 2147483647;
			files = (
				D30CADE62B540DBA00D312E8 /* AirbnbListingViewViewModel.swift in Sources */,
				D30CADDE2B5402F300D312E8 /* AirbnbListingCardView.swift in Sources */,
				D30CADB02B54019600D312E8 /* Persistence.swift in Sources */,
				D30CADB32B54019600D312E8 /* Airbnb.xcdatamodeld in Sources */,
				D30CADE22B54032800D312E8 /* AirbnbListing.swift in Sources */,
				D30CADE42B54033A00D312E8 /* ApiServices.swift in Sources */,
				D30CADA92B54019500D312E8 /* ContentView.swift in Sources */,
				D30CADDC2B5402D700D312E8 /* AirbnbDetailsView.swift in Sources */,
				D30CADE02B54031900D312E8 /* AirbnbListingResponse.swift in Sources */,
				D30CADDA2B5402C900D312E8 /* AirbnbListingView.swift in Sources */,
				D30CADA72B54019500D312E8 /* AirbnbApp.swift in Sources */,
			);
			runOnlyForDeploymentPostprocessing = 0;
		};
		D30CADB42B54019600D312E8 /* Sources */ = {
			isa = PBXSourcesBuildPhase;
			buildActionMask = 2147483647;
			files = (
				D30CADBD2B54019600D312E8 /* AirbnbTests.swift in Sources */,
			);
			runOnlyForDeploymentPostprocessing = 0;
		};
		D30CADBE2B54019600D312E8 /* Sources */ = {
			isa = PBXSourcesBuildPhase;
			buildActionMask = 2147483647;
			files = (
				D30CADC92B54019600D312E8 /* AirbnbUITestsLaunchTests.swift in Sources */,
				D30CADC72B54019600D312E8 /* AirbnbUITests.swift in Sources */,
			);
			runOnlyForDeploymentPostprocessing = 0;
		};
/* End PBXSourcesBuildPhase section */

/* Begin PBXTargetDependency section */
		D30CADBA2B54019600D312E8 /* PBXTargetDependency */ = {
			isa = PBXTargetDependency;
			target = D30CADA22B54019500D312E8 /* Airbnb */;
			targetProxy = D30CADB92B54019600D312E8 /* PBXContainerItemProxy */;
		};
		D30CADC42B54019600D312E8 /* PBXTargetDependency */ = {
			isa = PBXTargetDependency;
			target = D30CADA22B54019500D312E8 /* Airbnb */;
			targetProxy = D30CADC32B54019600D312E8 /* PBXContainerItemProxy */;
		};
/* End PBXTargetDependency section */

/* Begin XCBuildConfiguration section */
		D30CADCA2B54019600D312E8 /* Debug */ = {
			isa = XCBuildConfiguration;
			buildSettings = {
				ALWAYS_SEARCH_USER_PATHS = NO;
				ASSETCATALOG_COMPILER_GENERATE_SWIFT_ASSET_SYMBOL_EXTENSIONS = YES;
				CLANG_ANALYZER_NONNULL = YES;
				CLANG_ANALYZER_NUMBER_OBJECT_CONVERSION = YES_AGGRESSIVE;
				CLANG_CXX_LANGUAGE_STANDARD = "gnu++20";
				CLANG_ENABLE_MODULES = YES;
				CLANG_ENABLE_OBJC_ARC = YES;
				CLANG_ENABLE_OBJC_WEAK = YES;
				CLANG_WARN_BLOCK_CAPTURE_AUTORELEASING = YES;
				CLANG_WARN_BOOL_CONVERSION = YES;
				CLANG_WARN_COMMA = YES;
				CLANG_WARN_CONSTANT_CONVERSION = YES;
				CLANG_WARN_DEPRECATED_OBJC_IMPLEMENTATIONS = YES;
				CLANG_WARN_DIRECT_OBJC_ISA_USAGE = YES_ERROR;
				CLANG_WARN_DOCUMENTATION_COMMENTS = YES;
				CLANG_WARN_EMPTY_BODY = YES;
				CLANG_WARN_ENUM_CONVERSION = YES;
				CLANG_WARN_INFINITE_RECURSION = YES;
				CLANG_WARN_INT_CONVERSION = YES;
				CLANG_WARN_NON_LITERAL_NULL_CONVERSION = YES;
				CLANG_WARN_OBJC_IMPLICIT_RETAIN_SELF = YES;
				CLANG_WARN_OBJC_LITERAL_CONVERSION = YES;
				CLANG_WARN_OBJC_ROOT_CLASS = YES_ERROR;
				CLANG_WARN_QUOTED_INCLUDE_IN_FRAMEWORK_HEADER = YES;
				CLANG_WARN_RANGE_LOOP_ANALYSIS = YES;
				CLANG_WARN_STRICT_PROTOTYPES = YES;
				CLANG_WARN_SUSPICIOUS_MOVE = YES;
				CLANG_WARN_UNGUARDED_AVAILABILITY = YES_AGGRESSIVE;
				CLANG_WARN_UNREACHABLE_CODE = YES;
				CLANG_WARN__DUPLICATE_METHOD_MATCH = YES;
				COPY_PHASE_STRIP = NO;
				DEBUG_INFORMATION_FORMAT = dwarf;
				ENABLE_STRICT_OBJC_MSGSEND = YES;
				ENABLE_TESTABILITY = YES;
				ENABLE_USER_SCRIPT_SANDBOXING = YES;
				GCC_C_LANGUAGE_STANDARD = gnu17;
				GCC_DYNAMIC_NO_PIC = NO;
				GCC_NO_COMMON_BLOCKS = YES;
				GCC_OPTIMIZATION_LEVEL = 0;
				GCC_PREPROCESSOR_DEFINITIONS = (
					"DEBUG=1",
					"$(inherited)",
				);
				GCC_WARN_64_TO_32_BIT_CONVERSION = YES;
				GCC_WARN_ABOUT_RETURN_TYPE = YES_ERROR;
				GCC_WARN_UNDECLARED_SELECTOR = YES;
				GCC_WARN_UNINITIALIZED_AUTOS = YES_AGGRESSIVE;
				GCC_WARN_UNUSED_FUNCTION = YES;
				GCC_WARN_UNUSED_VARIABLE = YES;
				IPHONEOS_DEPLOYMENT_TARGET = 17.2;
				LOCALIZATION_PREFERS_STRING_CATALOGS = YES;
				MTL_ENABLE_DEBUG_INFO = INCLUDE_SOURCE;
				MTL_FAST_MATH = YES;
				ONLY_ACTIVE_ARCH = YES;
				SDKROOT = iphoneos;
				SWIFT_ACTIVE_COMPILATION_CONDITIONS = "DEBUG $(inherited)";
				SWIFT_OPTIMIZATION_LEVEL = "-Onone";
			};
			name = Debug;
		};
		D30CADCB2B54019600D312E8 /* Release */ = {
			isa = XCBuildConfiguration;
			buildSettings = {
				ALWAYS_SEARCH_USER_PATHS = NO;
				ASSETCATALOG_COMPILER_GENERATE_SWIFT_ASSET_SYMBOL_EXTENSIONS = YES;
				CLANG_ANALYZER_NONNULL = YES;
				CLANG_ANALYZER_NUMBER_OBJECT_CONVERSION = YES_AGGRESSIVE;
				CLANG_CXX_LANGUAGE_STANDARD = "gnu++20";
				CLANG_ENABLE_MODULES = YES;
				CLANG_ENABLE_OBJC_ARC = YES;
				CLANG_ENABLE_OBJC_WEAK = YES;
				CLANG_WARN_BLOCK_CAPTURE_AUTORELEASING = YES;
				CLANG_WARN_BOOL_CONVERSION = YES;
				CLANG_WARN_COMMA = YES;
				CLANG_WARN_CONSTANT_CONVERSION = YES;
				CLANG_WARN_DEPRECATED_OBJC_IMPLEMENTATIONS = YES;
				CLANG_WARN_DIRECT_OBJC_ISA_USAGE = YES_ERROR;
				CLANG_WARN_DOCUMENTATION_COMMENTS = YES;
				CLANG_WARN_EMPTY_BODY = YES;
				CLANG_WARN_ENUM_CONVERSION = YES;
				CLANG_WARN_INFINITE_RECURSION = YES;
				CLANG_WARN_INT_CONVERSION = YES;
				CLANG_WARN_NON_LITERAL_NULL_CONVERSION = YES;
				CLANG_WARN_OBJC_IMPLICIT_RETAIN_SELF = YES;
				CLANG_WARN_OBJC_LITERAL_CONVERSION = YES;
				CLANG_WARN_OBJC_ROOT_CLASS = YES_ERROR;
				CLANG_WARN_QUOTED_INCLUDE_IN_FRAMEWORK_HEADER = YES;
				CLANG_WARN_RANGE_LOOP_ANALYSIS = YES;
				CLANG_WARN_STRICT_PROTOTYPES = YES;
				CLANG_WARN_SUSPICIOUS_MOVE = YES;
				CLANG_WARN_UNGUARDED_AVAILABILITY = YES_AGGRESSIVE;
				CLANG_WARN_UNREACHABLE_CODE = YES;
				CLANG_WARN__DUPLICATE_METHOD_MATCH = YES;
				COPY_PHASE_STRIP = NO;
				DEBUG_INFORMATION_FORMAT = "dwarf-with-dsym";
				ENABLE_NS_ASSERTIONS = NO;
				ENABLE_STRICT_OBJC_MSGSEND = YES;
				ENABLE_USER_SCRIPT_SANDBOXING = YES;
				GCC_C_LANGUAGE_STANDARD = gnu17;
				GCC_NO_COMMON_BLOCKS = YES;
				GCC_WARN_64_TO_32_BIT_CONVERSION = YES;
				GCC_WARN_ABOUT_RETURN_TYPE = YES_ERROR;
				GCC_WARN_UNDECLARED_SELECTOR = YES;
				GCC_WARN_UNINITIALIZED_AUTOS = YES_AGGRESSIVE;
				GCC_WARN_UNUSED_FUNCTION = YES;
				GCC_WARN_UNUSED_VARIABLE = YES;
				IPHONEOS_DEPLOYMENT_TARGET = 17.2;
				LOCALIZATION_PREFERS_STRING_CATALOGS = YES;
				MTL_ENABLE_DEBUG_INFO = NO;
				MTL_FAST_MATH = YES;
				SDKROOT = iphoneos;
				SWIFT_COMPILATION_MODE = wholemodule;
				VALIDATE_PRODUCT = YES;
			};
			name = Release;
		};
		D30CADCD2B54019600D312E8 /* Debug */ = {
			isa = XCBuildConfiguration;
			buildSettings = {
				ASSETCATALOG_COMPILER_APPICON_NAME = AppIcon;
				ASSETCATALOG_COMPILER_GLOBAL_ACCENT_COLOR_NAME = AccentColor;
				CODE_SIGN_STYLE = Automatic;
				CURRENT_PROJECT_VERSION = 1;
				DEVELOPMENT_ASSET_PATHS = "\"Airbnb/Preview Content\"";
				DEVELOPMENT_TEAM = Y9WFT4L662;
				ENABLE_PREVIEWS = YES;
				GENERATE_INFOPLIST_FILE = YES;
				INFOPLIST_KEY_UIApplicationSceneManifest_Generation = YES;
				INFOPLIST_KEY_UIApplicationSupportsIndirectInputEvents = YES;
				INFOPLIST_KEY_UILaunchScreen_Generation = YES;
				INFOPLIST_KEY_UISupportedInterfaceOrientations_iPad = "UIInterfaceOrientationPortrait UIInterfaceOrientationPortraitUpsideDown UIInterfaceOrientationLandscapeLeft UIInterfaceOrientationLandscapeRight";
				INFOPLIST_KEY_UISupportedInterfaceOrientations_iPhone = "UIInterfaceOrientationPortrait UIInterfaceOrientationLandscapeLeft UIInterfaceOrientationLandscapeRight";
				LD_RUNPATH_SEARCH_PATHS = (
					"$(inherited)",
					"@executable_path/Frameworks",
				);
				MARKETING_VERSION = 1.0;
				PRODUCT_BUNDLE_IDENTIFIER = "Mohamed-Abd-Elhakam.Airbnb";
				PRODUCT_NAME = "$(TARGET_NAME)";
				SWIFT_EMIT_LOC_STRINGS = YES;
				SWIFT_VERSION = 5.0;
				TARGETED_DEVICE_FAMILY = "1,2";
			};
			name = Debug;
		};
		D30CADCE2B54019600D312E8 /* Release */ = {
			isa = XCBuildConfiguration;
			buildSettings = {
				ASSETCATALOG_COMPILER_APPICON_NAME = AppIcon;
				ASSETCATALOG_COMPILER_GLOBAL_ACCENT_COLOR_NAME = AccentColor;
				CODE_SIGN_STYLE = Automatic;
				CURRENT_PROJECT_VERSION = 1;
				DEVELOPMENT_ASSET_PATHS = "\"Airbnb/Preview Content\"";
				DEVELOPMENT_TEAM = Y9WFT4L662;
				ENABLE_PREVIEWS = YES;
				GENERATE_INFOPLIST_FILE = YES;
				INFOPLIST_KEY_UIApplicationSceneManifest_Generation = YES;
				INFOPLIST_KEY_UIApplicationSupportsIndirectInputEvents = YES;
				INFOPLIST_KEY_UILaunchScreen_Generation = YES;
				INFOPLIST_KEY_UISupportedInterfaceOrientations_iPad = "UIInterfaceOrientationPortrait UIInterfaceOrientationPortraitUpsideDown UIInterfaceOrientationLandscapeLeft UIInterfaceOrientationLandscapeRight";
				INFOPLIST_KEY_UISupportedInterfaceOrientations_iPhone = "UIInterfaceOrientationPortrait UIInterfaceOrientationLandscapeLeft UIInterfaceOrientationLandscapeRight";
				LD_RUNPATH_SEARCH_PATHS = (
					"$(inherited)",
					"@executable_path/Frameworks",
				);
				MARKETING_VERSION = 1.0;
				PRODUCT_BUNDLE_IDENTIFIER = "Mohamed-Abd-Elhakam.Airbnb";
				PRODUCT_NAME = "$(TARGET_NAME)";
				SWIFT_EMIT_LOC_STRINGS = YES;
				SWIFT_VERSION = 5.0;
				TARGETED_DEVICE_FAMILY = "1,2";
			};
			name = Release;
		};
		D30CADD02B54019600D312E8 /* Debug */ = {
			isa = XCBuildConfiguration;
			buildSettings = {
				ALWAYS_EMBED_SWIFT_STANDARD_LIBRARIES = YES;
				BUNDLE_LOADER = "$(TEST_HOST)";
				CODE_SIGN_STYLE = Automatic;
				CURRENT_PROJECT_VERSION = 1;
				DEVELOPMENT_TEAM = Y9WFT4L662;
				GENERATE_INFOPLIST_FILE = YES;
				IPHONEOS_DEPLOYMENT_TARGET = 17.2;
				MARKETING_VERSION = 1.0;
				PRODUCT_BUNDLE_IDENTIFIER = "Mohamed-Abd-Elhakam.AirbnbTests";
				PRODUCT_NAME = "$(TARGET_NAME)";
				SWIFT_EMIT_LOC_STRINGS = NO;
				SWIFT_VERSION = 5.0;
				TARGETED_DEVICE_FAMILY = "1,2";
				TEST_HOST = "$(BUILT_PRODUCTS_DIR)/Airbnb.app/$(BUNDLE_EXECUTABLE_FOLDER_PATH)/Airbnb";
			};
			name = Debug;
		};
		D30CADD12B54019600D312E8 /* Release */ = {
			isa = XCBuildConfiguration;
			buildSettings = {
				ALWAYS_EMBED_SWIFT_STANDARD_LIBRARIES = YES;
				BUNDLE_LOADER = "$(TEST_HOST)";
				CODE_SIGN_STYLE = Automatic;
				CURRENT_PROJECT_VERSION = 1;
				DEVELOPMENT_TEAM = Y9WFT4L662;
				GENERATE_INFOPLIST_FILE = YES;
				IPHONEOS_DEPLOYMENT_TARGET = 17.2;
				MARKETING_VERSION = 1.0;
				PRODUCT_BUNDLE_IDENTIFIER = "Mohamed-Abd-Elhakam.AirbnbTests";
				PRODUCT_NAME = "$(TARGET_NAME)";
				SWIFT_EMIT_LOC_STRINGS = NO;
				SWIFT_VERSION = 5.0;
				TARGETED_DEVICE_FAMILY = "1,2";
				TEST_HOST = "$(BUILT_PRODUCTS_DIR)/Airbnb.app/$(BUNDLE_EXECUTABLE_FOLDER_PATH)/Airbnb";
			};
			name = Release;
		};
		D30CADD32B54019600D312E8 /* Debug */ = {
			isa = XCBuildConfiguration;
			buildSettings = {
				ALWAYS_EMBED_SWIFT_STANDARD_LIBRARIES = YES;
				CODE_SIGN_STYLE = Automatic;
				CURRENT_PROJECT_VERSION = 1;
				DEVELOPMENT_TEAM = Y9WFT4L662;
				GENERATE_INFOPLIST_FILE = YES;
				MARKETING_VERSION = 1.0;
				PRODUCT_BUNDLE_IDENTIFIER = "Mohamed-Abd-Elhakam.AirbnbUITests";
				PRODUCT_NAME = "$(TARGET_NAME)";
				SWIFT_EMIT_LOC_STRINGS = NO;
				SWIFT_VERSION = 5.0;
				TARGETED_DEVICE_FAMILY = "1,2";
				TEST_TARGET_NAME = Airbnb;
			};
			name = Debug;
		};
		D30CADD42B54019600D312E8 /* Release */ = {
			isa = XCBuildConfiguration;
			buildSettings = {
				ALWAYS_EMBED_SWIFT_STANDARD_LIBRARIES = YES;
				CODE_SIGN_STYLE = Automatic;
				CURRENT_PROJECT_VERSION = 1;
				DEVELOPMENT_TEAM = Y9WFT4L662;
				GENERATE_INFOPLIST_FILE = YES;
				MARKETING_VERSION = 1.0;
				PRODUCT_BUNDLE_IDENTIFIER = "Mohamed-Abd-Elhakam.AirbnbUITests";
				PRODUCT_NAME = "$(TARGET_NAME)";
				SWIFT_EMIT_LOC_STRINGS = NO;
				SWIFT_VERSION = 5.0;
				TARGETED_DEVICE_FAMILY = "1,2";
				TEST_TARGET_NAME = Airbnb;
			};
			name = Release;
		};
/* End XCBuildConfiguration section */

/* Begin XCConfigurationList section */
		D30CAD9E2B54019500D312E8 /* Build configuration list for PBXProject "Airbnb" */ = {
			isa = XCConfigurationList;
			buildConfigurations = (
				D30CADCA2B54019600D312E8 /* Debug */,
				D30CADCB2B54019600D312E8 /* Release */,
			);
			defaultConfigurationIsVisible = 0;
			defaultConfigurationName = Release;
		};
		D30CADCC2B54019600D312E8 /* Build configuration list for PBXNativeTarget "Airbnb" */ = {
			isa = XCConfigurationList;
			buildConfigurations = (
				D30CADCD2B54019600D312E8 /* Debug */,
				D30CADCE2B54019600D312E8 /* Release */,
			);
			defaultConfigurationIsVisible = 0;
			defaultConfigurationName = Release;
		};
		D30CADCF2B54019600D312E8 /* Build configuration list for PBXNativeTarget "AirbnbTests" */ = {
			isa = XCConfigurationList;
			buildConfigurations = (
				D30CADD02B54019600D312E8 /* Debug */,
				D30CADD12B54019600D312E8 /* Release */,
			);
			defaultConfigurationIsVisible = 0;
			defaultConfigurationName = Release;
		};
		D30CADD22B54019600D312E8 /* Build configuration list for PBXNativeTarget "AirbnbUITests" */ = {
			isa = XCConfigurationList;
			buildConfigurations = (
				D30CADD32B54019600D312E8 /* Debug */,
				D30CADD42B54019600D312E8 /* Release */,
			);
			defaultConfigurationIsVisible = 0;
			defaultConfigurationName = Release;
		};
/* End XCConfigurationList section */

/* Begin XCVersionGroup section */
		D30CADB12B54019600D312E8 /* Airbnb.xcdatamodeld */ = {
			isa = XCVersionGroup;
			children = (
				D30CADB22B54019600D312E8 /* Airbnb.xcdatamodel */,
			);
			currentVersion = D30CADB22B54019600D312E8 /* Airbnb.xcdatamodel */;
			path = Airbnb.xcdatamodeld;
			sourceTree = "<group>";
			versionGroupType = wrapper.xcdatamodel;
		};
/* End XCVersionGroup section */
	};
	rootObject = D30CAD9B2B54019500D312E8 /* Project object */;
}
